<?xml version="1.0" encoding="utf-8"?>
<Project ToolsVersion="4.0" xmlns="http://schemas.microsoft.com/developer/msbuild/2003">
  <ItemGroup>
    <Filter Include="Sources">
      <UniqueIdentifier>{2a91e238-3201-4941-907d-f7a5a9cd3937}</UniqueIdentifier>
    </Filter>
  </ItemGroup>
  <ItemGroup>
    <ClCompile Include="main.cpp">
      <Filter>Sources</Filter>
    </ClCompile>
    <ClCompile Include="World.cpp">
      <Filter>Sources</Filter>
    </ClCompile>
    <ClCompile Include="Character.cpp">
      <Filter>Sources</Filter>
    </ClCompile>
    <ClCompile Include="Ojisan.cpp">
      <Filter>Sources</Filter>
    </ClCompile>
    <ClCompile Include="ScreenShaker.cpp">
      <Filter>Sources</Filter>
    </ClCompile>
  </ItemGroup>
  <ItemGroup>
    <ClInclude Include="World.h">
      <Filter>Sources</Filter>
    </ClInclude>
    <ClInclude Include="Character.h">
      <Filter>Sources</Filter>
    </ClInclude>
    <ClInclude Include="Ojisan.h">
      <Filter>Sources</Filter>
    </ClInclude>
    <ClInclude Include="ScreenShaker.h">
      <Filter>Sources</Filter>
    </ClInclude>
  </ItemGroup>
</Project>