
Microsoft Visual Studio Solution File, Format Version 12.00
# Visual Studio 15
VisualStudioVersion = 15.0.28307.329
MinimumVisualStudioVersion = 10.0.40219.1
Project("{8BC9CEB8-8B4A-11D0-8D11-00A0C91BC942}") = "yamame", "OJISWING\OJISWING.vcxproj", "{2A9F199B-39E2-423D-837D-295439ACD9D7}"
EndProject
Global
	GlobalSection(SolutionConfigurationPlatforms) = preSolution
		Debug|x86 = Debug|x86
		Release|x86 = Release|x86
	EndGlobalSection
	GlobalSection(ProjectConfigurationPlatforms) = postSolution
		{2A9F199B-39E2-423D-837D-295439ACD9D7}.Debug|x86.ActiveCfg = Debug|Win32
		{2A9F199B-39E2-423D-837D-295439ACD9D7}.Debug|x86.Build.0 = Debug|Win32
		{2A9F199B-39E2-423D-837D-295439ACD9D7}.Release|x86.ActiveCfg = Release|Win32
		{2A9F199B-39E2-423D-837D-295439ACD9D7}.Release|x86.Build.0 = Release|Win32
	EndGlobalSection
	GlobalSection(SolutionProperties) = preSolution
		HideSolutionNode = FALSE
	EndGlobalSection
	GlobalSection(ExtensibilityGlobals) = postSolution
		SolutionGuid = {F52F6F06-1D6F-471C-A59F-842C2D32381A}
	EndGlobalSection
EndGlobal
